
Microsoft Visual Studio Solution File, Format Version 12.00
# Visual Studio 15
VisualStudioVersion = 15.0.28307.572
MinimumVisualStudioVersion = 10.0.40219.1
Project("{FAE04EC0-301F-11D3-BF4B-00C04F79EFBC}") = "BaseArchi", "BaseArchi\BaseArchi.csproj", "{26963535-513E-4836-9590-2E8242460005}"
EndProject
Global
	GlobalSection(SolutionConfigurationPlatforms) = preSolution
		Debug|x86 = Debug|x86
		Release|x86 = Release|x86
	EndGlobalSection
	GlobalSection(ProjectConfigurationPlatforms) = postSolution
		{26963535-513E-4836-9590-2E8242460005}.Debug|x86.ActiveCfg = Debug|x86
		{26963535-513E-4836-9590-2E8242460005}.Debug|x86.Build.0 = Debug|x86
		{26963535-513E-4836-9590-2E8242460005}.Release|x86.ActiveCfg = Release|x86
		{26963535-513E-4836-9590-2E8242460005}.Release|x86.Build.0 = Release|x86
	EndGlobalSection
	GlobalSection(SolutionProperties) = preSolution
		HideSolutionNode = FALSE
	EndGlobalSection
	GlobalSection(ExtensibilityGlobals) = postSolution
		SolutionGuid = {081C72C0-6EF1-4742-84B7-2415862EC355}
	EndGlobalSection
EndGlobal
